# This file was autogenerated by Stack.
# You should not edit this file by hand.
# For more information, please see the documentation at:
#   https://docs.haskellstack.org/en/stable/topics/lock_files

packages:
- completed:
    commit: c3e16ccda384917fba1ccc5f3cf8f592415562c1
    git: https://github.com/codedownio/sandwich
    name: sandwich
    pantry-tree:
      sha256: 31ce9fc6ddbfb22b9de41c6f469b29ff98bbfc5cf3fc6d0236a0c7e20601e423
      size: 6227
    subdir: sandwich
    version: 0.3.0.5
  original:
    commit: c3e16ccda384917fba1ccc5f3cf8f592415562c1
    git: https://github.com/codedownio/sandwich
    subdir: sandwich
- completed:
    commit: c3e16ccda384917fba1ccc5f3cf8f592415562c1
    git: https://github.com/codedownio/sandwich
    name: sandwich-contexts
    pantry-tree:
      sha256: 66205b6c1c74745e5ecb61340a591add2f73e90790fa57605e3c158d43f85115
      size: 1772
    subdir: sandwich-contexts
    version: 0.3.0.3
  original:
    commit: c3e16ccda384917fba1ccc5f3cf8f592415562c1
    git: https://github.com/codedownio/sandwich
    subdir: sandwich-contexts
- completed:
    commit: c3e16ccda384917fba1ccc5f3cf8f592415562c1
    git: https://github.com/codedownio/sandwich
    name: sandwich-quickcheck
    pantry-tree:
      sha256: e1a5360039e257756d9b774e9a8fbb29ad273ca06c169daace30b9f6a26500bd
      size: 538
    subdir: sandwich-quickcheck
    version: 0.2.0.0
  original:
    commit: c3e16ccda384917fba1ccc5f3cf8f592415562c1
    git: https://github.com/codedownio/sandwich
    subdir: sandwich-quickcheck
- completed:
    commit: 6a73e2393a1d9f21719580ce9ca0efbefabda60f
    git: https://github.com/codedownio/lsp-test-helpers.git
    name: lsp-test-helpers
    pantry-tree:
      sha256: d13e5237e21a6896422743aeee3f46019ca022e3e7d51b3b7196b9db9ec956c8
      size: 1025
    version: 0.1.0.0
  original:
    commit: 6a73e2393a1d9f21719580ce9ca0efbefabda60f
    git: https://github.com/codedownio/lsp-test-helpers.git
snapshots:
- completed:
    sha256: 2dead96d1a0217c9c8f84bdb6c694bfc7542ccc5a09bbc8f648ebc1cdd9b6d2f
    size: 705813
    url: https://raw.githubusercontent.com/commercialhaskell/stackage-snapshots/master/nightly/2025/11/19.yaml
  original: nightly-2025-11-19
